
Microsoft Visual Studio Solution File, Format Version 12.00
# Visual Studio Version 17
VisualStudioVersion = 17.11.35327.3
MinimumVisualStudioVersion = 10.0.40219.1
Project("{9A19103F-16F7-4668-BE54-9A1E7A4F7556}") = "CentralAdmin.Api", "CentralAdmin.Api\CentralAdmin.Api.csproj", "{52CD6D24-42A7-40AF-B6D4-03CD8D4C4538}"
EndProject
Project("{9A19103F-16F7-4668-BE54-9A1E7A4F7556}") = "CentralAdmin.Idp.Api", "CentralAdmin.Idp.Api\CentralAdmin.Idp.Api.csproj", "{333CEBFC-7E61-455E-8D2C-E83F0160318A}"
EndProject
Project("{9A19103F-16F7-4668-BE54-9A1E7A4F7556}") = "CentralAdmin.Cli", "CentralAdmin.Cli\CentralAdmin.Cli.csproj", "{492BFCF8-D1D2-4676-880F-67B303BF1B81}"
EndProject
Global
	GlobalSection(SolutionConfigurationPlatforms) = preSolution
		Debug|Any CPU = Debug|Any CPU
		Release|Any CPU = Release|Any CPU
	EndGlobalSection
	GlobalSection(ProjectConfigurationPlatforms) = postSolution
		{52CD6D24-42A7-40AF-B6D4-03CD8D4C4538}.Debug|Any CPU.ActiveCfg = Debug|Any CPU
		{52CD6D24-42A7-40AF-B6D4-03CD8D4C4538}.Debug|Any CPU.Build.0 = Debug|Any CPU
		{52CD6D24-42A7-40AF-B6D4-03CD8D4C4538}.Release|Any CPU.ActiveCfg = Release|Any CPU
		{52CD6D24-42A7-40AF-B6D4-03CD8D4C4538}.Release|Any CPU.Build.0 = Release|Any CPU
		{333CEBFC-7E61-455E-8D2C-E83F0160318A}.Debug|Any CPU.ActiveCfg = Debug|Any CPU
		{333CEBFC-7E61-455E-8D2C-E83F0160318A}.Debug|Any CPU.Build.0 = Debug|Any CPU
		{333CEBFC-7E61-455E-8D2C-E83F0160318A}.Release|Any CPU.ActiveCfg = Release|Any CPU
		{333CEBFC-7E61-455E-8D2C-E83F0160318A}.Release|Any CPU.Build.0 = Release|Any CPU
		{492BFCF8-D1D2-4676-880F-67B303BF1B81}.Debug|Any CPU.ActiveCfg = Debug|Any CPU
		{492BFCF8-D1D2-4676-880F-67B303BF1B81}.Debug|Any CPU.Build.0 = Debug|Any CPU
		{492BFCF8-D1D2-4676-880F-67B303BF1B81}.Release|Any CPU.ActiveCfg = Release|Any CPU
		{492BFCF8-D1D2-4676-880F-67B303BF1B81}.Release|Any CPU.Build.0 = Release|Any CPU
	EndGlobalSection
	GlobalSection(SolutionProperties) = preSolution
		HideSolutionNode = FALSE
	EndGlobalSection
	GlobalSection(ExtensibilityGlobals) = postSolution
		SolutionGuid = {0CB22B6E-377F-413F-B80B-6E18F828385E}
	EndGlobalSection
EndGlobal
